// !$*UTF8*$!
{
	archiveVersion = 1;
	classes = {
	};
	objectVersion = 46;
	objects = {

/* Begin PBXBuildFile section */
		9E15E983A3707D15D73924AA /* libPods.a in Frameworks */ = {isa = PBXBuildFile; fileRef = E81D8C4698E324D1AD8BA948 /* libPods.a */; };
		A507F6861C6AFD8C003B7755 /* phoneCellTableViewCell.swift in Sources */ = {isa = PBXBuildFile; fileRef = A507F6851C6AFD8C003B7755 /* phoneCellTableViewCell.swift */; };
		A507F6881C6AFDAB003B7755 /* EmailTableViewCell.swift in Sources */ = {isa = PBXBuildFile; fileRef = A507F6871C6AFDAB003B7755 /* EmailTableViewCell.swift */; };
		A507F68A1C6AFDCC003B7755 /* SocialTableViewCell.swift in Sources */ = {isa = PBXBuildFile; fileRef = A507F6891C6AFDCC003B7755 /* SocialTableViewCell.swift */; };
		A507F68C1C6AFF16003B7755 /* addInfoViewController.swift in Sources */ = {isa = PBXBuildFile; fileRef = A507F68B1C6AFF16003B7755 /* addInfoViewController.swift */; };
		A507F68E1C6B0002003B7755 /* ItemTypesTableViewController.swift in Sources */ = {isa = PBXBuildFile; fileRef = A507F68D1C6B0002003B7755 /* ItemTypesTableViewController.swift */; };
		A507F6901C6B0130003B7755 /* PhoneNumbers.swift in Sources */ = {isa = PBXBuildFile; fileRef = A507F68F1C6B0130003B7755 /* PhoneNumbers.swift */; };
		A507F6921C6B021A003B7755 /* Emails.swift in Sources */ = {isa = PBXBuildFile; fileRef = A507F6911C6B021A003B7755 /* Emails.swift */; };
		A507F6941C6B03F5003B7755 /* Users.swift in Sources */ = {isa = PBXBuildFile; fileRef = A507F6931C6B03F5003B7755 /* Users.swift */; };
		A507F6961C6B055F003B7755 /* SelectImageTableViewController.swift in Sources */ = {isa = PBXBuildFile; fileRef = A507F6951C6B055F003B7755 /* SelectImageTableViewController.swift */; };
		A507F6981C6C5E73003B7755 /* DDUser.swift in Sources */ = {isa = PBXBuildFile; fileRef = A507F6971C6C5E73003B7755 /* DDUser.swift */; };
		A507F69A1C6C632F003B7755 /* Name.swift in Sources */ = {isa = PBXBuildFile; fileRef = A507F6991C6C632F003B7755 /* Name.swift */; };
		A528605D1C5C352C00D8DF5D /* AppDelegate.swift in Sources */ = {isa = PBXBuildFile; fileRef = A528605C1C5C352C00D8DF5D /* AppDelegate.swift */; };
		A528605F1C5C352C00D8DF5D /* ViewController.swift in Sources */ = {isa = PBXBuildFile; fileRef = A528605E1C5C352C00D8DF5D /* ViewController.swift */; };
		A52860621C5C352C00D8DF5D /* Main.storyboard in Resources */ = {isa = PBXBuildFile; fileRef = A52860601C5C352C00D8DF5D /* Main.storyboard */; };
		A52860651C5C352C00D8DF5D /* FirebaseTest.xcdatamodeld in Sources */ = {isa = PBXBuildFile; fileRef = A52860631C5C352C00D8DF5D /* FirebaseTest.xcdatamodeld */; };
		A52860671C5C352C00D8DF5D /* Assets.xcassets in Resources */ = {isa = PBXBuildFile; fileRef = A52860661C5C352C00D8DF5D /* Assets.xcassets */; };
		A528606A1C5C352C00D8DF5D /* LaunchScreen.storyboard in Resources */ = {isa = PBXBuildFile; fileRef = A52860681C5C352C00D8DF5D /* LaunchScreen.storyboard */; };
		A5BD5D6B1C5EC587001C1C07 /* EmailService.swift in Sources */ = {isa = PBXBuildFile; fileRef = A5BD5D6A1C5EC587001C1C07 /* EmailService.swift */; };
		A5BD5D6D1C5EC794001C1C07 /* ErrorHandling.swift in Sources */ = {isa = PBXBuildFile; fileRef = A5BD5D6C1C5EC794001C1C07 /* ErrorHandling.swift */; };
		A5BD5D6F1C5F0103001C1C07 /* FBObject.swift in Sources */ = {isa = PBXBuildFile; fileRef = A5BD5D6E1C5F0103001C1C07 /* FBObject.swift */; };
		A5BD5D711C5F0381001C1C07 /* TestViewController.swift in Sources */ = {isa = PBXBuildFile; fileRef = A5BD5D701C5F0381001C1C07 /* TestViewController.swift */; };
		A5BD5D751C5F1221001C1C07 /* FBQuery.swift in Sources */ = {isa = PBXBuildFile; fileRef = A5BD5D741C5F1221001C1C07 /* FBQuery.swift */; };
		A5C4B9691C5C512A00F6E477 /* InitialSignInPage.swift in Sources */ = {isa = PBXBuildFile; fileRef = A5C4B9681C5C512A00F6E477 /* InitialSignInPage.swift */; };
		A5C4B96B1C5C533A00F6E477 /* RedSignInButton.swift in Sources */ = {isa = PBXBuildFile; fileRef = A5C4B96A1C5C533A00F6E477 /* RedSignInButton.swift */; };
		A5C4B96D1C5C545000F6E477 /* GrayButtons.swift in Sources */ = {isa = PBXBuildFile; fileRef = A5C4B96C1C5C545000F6E477 /* GrayButtons.swift */; };
		A5C4B96F1C5C6F5E00F6E477 /* SignUpViewController.swift in Sources */ = {isa = PBXBuildFile; fileRef = A5C4B96E1C5C6F5E00F6E477 /* SignUpViewController.swift */; };
		A5C4B9711C5C793800F6E477 /* LoginViewController.swift in Sources */ = {isa = PBXBuildFile; fileRef = A5C4B9701C5C793800F6E477 /* LoginViewController.swift */; };
		A5C4B9731C5D46E600F6E477 /* bConnect.swift in Sources */ = {isa = PBXBuildFile; fileRef = A5C4B9721C5D46E600F6E477 /* bConnect.swift */; };
		A5C4B9761C5D618F00F6E477 /* DataService.swift in Sources */ = {isa = PBXBuildFile; fileRef = A5C4B9751C5D618F00F6E477 /* DataService.swift */; };
		A5C4B9791C5D631200F6E477 /* Constants.swift in Sources */ = {isa = PBXBuildFile; fileRef = A5C4B9781C5D631200F6E477 /* Constants.swift */; };
		A5C4B97C1C5DE26F00F6E477 /* CircularImage.swift in Sources */ = {isa = PBXBuildFile; fileRef = A5C4B97B1C5DE26F00F6E477 /* CircularImage.swift */; };
		A5C4B97E1C5DE47400F6E477 /* bCardViewController.swift in Sources */ = {isa = PBXBuildFile; fileRef = A5C4B97D1C5DE47400F6E477 /* bCardViewController.swift */; };
		A5C4B9841C5DE52600F6E477 /* bCardCell.swift in Sources */ = {isa = PBXBuildFile; fileRef = A5C4B9831C5DE52600F6E477 /* bCardCell.swift */; };
		A5C4B9861C5DE70800F6E477 /* EditBCardViewController.swift in Sources */ = {isa = PBXBuildFile; fileRef = A5C4B9851C5DE70800F6E477 /* EditBCardViewController.swift */; };
		A5C4B9881C5DE78400F6E477 /* EditInfoTableViewCell.swift in Sources */ = {isa = PBXBuildFile; fileRef = A5C4B9871C5DE78400F6E477 /* EditInfoTableViewCell.swift */; };
		A5C4B98A1C5DEC3600F6E477 /* DDBusinessCard.swift in Sources */ = {isa = PBXBuildFile; fileRef = A5C4B9891C5DEC3600F6E477 /* DDBusinessCard.swift */; };
		A5C4B98C1C5E8EAC00F6E477 /* FBUser.swift in Sources */ = {isa = PBXBuildFile; fileRef = A5C4B98B1C5E8EAC00F6E477 /* FBUser.swift */; };
		A5C4B98E1C5EB4A200F6E477 /* BusinessCardService.swift in Sources */ = {isa = PBXBuildFile; fileRef = A5C4B98D1C5EB4A200F6E477 /* BusinessCardService.swift */; };
/* End PBXBuildFile section */

/* Begin PBXFileReference section */
		7460759236021646686A79AF /* Pods.release.xcconfig */ = {isa = PBXFileReference; includeInIndex = 1; lastKnownFileType = text.xcconfig; name = Pods.release.xcconfig; path = "Pods/Target Support Files/Pods/Pods.release.xcconfig"; sourceTree = "<group>"; };
		7531F2934B557E6FAA3EFB7F /* Pods.debug.xcconfig */ = {isa = PBXFileReference; includeInIndex = 1; lastKnownFileType = text.xcconfig; name = Pods.debug.xcconfig; path = "Pods/Target Support Files/Pods/Pods.debug.xcconfig"; sourceTree = "<group>"; };
		A507F6851C6AFD8C003B7755 /* phoneCellTableViewCell.swift */ = {isa = PBXFileReference; fileEncoding = 4; lastKnownFileType = sourcecode.swift; path = phoneCellTableViewCell.swift; sourceTree = "<group>"; };
		A507F6871C6AFDAB003B7755 /* EmailTableViewCell.swift */ = {isa = PBXFileReference; fileEncoding = 4; lastKnownFileType = sourcecode.swift; path = EmailTableViewCell.swift; sourceTree = "<group>"; };
		A507F6891C6AFDCC003B7755 /* SocialTableViewCell.swift */ = {isa = PBXFileReference; fileEncoding = 4; lastKnownFileType = sourcecode.swift; path = SocialTableViewCell.swift; sourceTree = "<group>"; };
		A507F68B1C6AFF16003B7755 /* addInfoViewController.swift */ = {isa = PBXFileReference; fileEncoding = 4; lastKnownFileType = sourcecode.swift; path = addInfoViewController.swift; sourceTree = "<group>"; };
		A507F68D1C6B0002003B7755 /* ItemTypesTableViewController.swift */ = {isa = PBXFileReference; fileEncoding = 4; lastKnownFileType = sourcecode.swift; path = ItemTypesTableViewController.swift; sourceTree = "<group>"; };
		A507F68F1C6B0130003B7755 /* PhoneNumbers.swift */ = {isa = PBXFileReference; fileEncoding = 4; lastKnownFileType = sourcecode.swift; path = PhoneNumbers.swift; sourceTree = "<group>"; };
		A507F6911C6B021A003B7755 /* Emails.swift */ = {isa = PBXFileReference; fileEncoding = 4; lastKnownFileType = sourcecode.swift; path = Emails.swift; sourceTree = "<group>"; };
		A507F6931C6B03F5003B7755 /* Users.swift */ = {isa = PBXFileReference; fileEncoding = 4; lastKnownFileType = sourcecode.swift; path = Users.swift; sourceTree = "<group>"; };
		A507F6951C6B055F003B7755 /* SelectImageTableViewController.swift */ = {isa = PBXFileReference; fileEncoding = 4; lastKnownFileType = sourcecode.swift; path = SelectImageTableViewController.swift; sourceTree = "<group>"; };
		A507F6971C6C5E73003B7755 /* DDUser.swift */ = {isa = PBXFileReference; fileEncoding = 4; lastKnownFileType = sourcecode.swift; path = DDUser.swift; sourceTree = "<group>"; };
		A507F6991C6C632F003B7755 /* Name.swift */ = {isa = PBXFileReference; fileEncoding = 4; lastKnownFileType = sourcecode.swift; path = Name.swift; sourceTree = "<group>"; };
		A52860591C5C352C00D8DF5D /* BConnectTo.app */ = {isa = PBXFileReference; explicitFileType = wrapper.application; includeInIndex = 0; path = BConnectTo.app; sourceTree = BUILT_PRODUCTS_DIR; };
		A528605C1C5C352C00D8DF5D /* AppDelegate.swift */ = {isa = PBXFileReference; lastKnownFileType = sourcecode.swift; path = AppDelegate.swift; sourceTree = "<group>"; };
		A528605E1C5C352C00D8DF5D /* ViewController.swift */ = {isa = PBXFileReference; lastKnownFileType = sourcecode.swift; path = ViewController.swift; sourceTree = "<group>"; };
		A52860611C5C352C00D8DF5D /* Base */ = {isa = PBXFileReference; lastKnownFileType = file.storyboard; name = Base; path = Base.lproj/Main.storyboard; sourceTree = "<group>"; };
		A52860641C5C352C00D8DF5D /* FirebaseTest.xcdatamodel */ = {isa = PBXFileReference; lastKnownFileType = wrapper.xcdatamodel; path = FirebaseTest.xcdatamodel; sourceTree = "<group>"; };
		A52860661C5C352C00D8DF5D /* Assets.xcassets */ = {isa = PBXFileReference; lastKnownFileType = folder.assetcatalog; path = Assets.xcassets; sourceTree = "<group>"; };
		A52860691C5C352C00D8DF5D /* Base */ = {isa = PBXFileReference; lastKnownFileType = file.storyboard; name = Base; path = Base.lproj/LaunchScreen.storyboard; sourceTree = "<group>"; };
		A528606B1C5C352C00D8DF5D /* Info.plist */ = {isa = PBXFileReference; lastKnownFileType = text.plist.xml; path = Info.plist; sourceTree = "<group>"; };
		A52860711C5C35BB00D8DF5D /* FirebaseTest-Bridging-Header.h */ = {isa = PBXFileReference; lastKnownFileType = sourcecode.c.h; path = "FirebaseTest-Bridging-Header.h"; sourceTree = "<group>"; };
		A5BD5D6A1C5EC587001C1C07 /* EmailService.swift */ = {isa = PBXFileReference; fileEncoding = 4; lastKnownFileType = sourcecode.swift; path = EmailService.swift; sourceTree = "<group>"; };
		A5BD5D6C1C5EC794001C1C07 /* ErrorHandling.swift */ = {isa = PBXFileReference; fileEncoding = 4; lastKnownFileType = sourcecode.swift; path = ErrorHandling.swift; sourceTree = "<group>"; };
		A5BD5D6E1C5F0103001C1C07 /* FBObject.swift */ = {isa = PBXFileReference; fileEncoding = 4; lastKnownFileType = sourcecode.swift; path = FBObject.swift; sourceTree = "<group>"; };
		A5BD5D701C5F0381001C1C07 /* TestViewController.swift */ = {isa = PBXFileReference; fileEncoding = 4; lastKnownFileType = sourcecode.swift; path = TestViewController.swift; sourceTree = "<group>"; };
		A5BD5D741C5F1221001C1C07 /* FBQuery.swift */ = {isa = PBXFileReference; fileEncoding = 4; lastKnownFileType = sourcecode.swift; path = FBQuery.swift; sourceTree = "<group>"; };
		A5C4B9681C5C512A00F6E477 /* InitialSignInPage.swift */ = {isa = PBXFileReference; fileEncoding = 4; lastKnownFileType = sourcecode.swift; path = InitialSignInPage.swift; sourceTree = "<group>"; };
		A5C4B96A1C5C533A00F6E477 /* RedSignInButton.swift */ = {isa = PBXFileReference; fileEncoding = 4; lastKnownFileType = sourcecode.swift; path = RedSignInButton.swift; sourceTree = "<group>"; };
		A5C4B96C1C5C545000F6E477 /* GrayButtons.swift */ = {isa = PBXFileReference; fileEncoding = 4; lastKnownFileType = sourcecode.swift; path = GrayButtons.swift; sourceTree = "<group>"; };
		A5C4B96E1C5C6F5E00F6E477 /* SignUpViewController.swift */ = {isa = PBXFileReference; fileEncoding = 4; lastKnownFileType = sourcecode.swift; path = SignUpViewController.swift; sourceTree = "<group>"; };
		A5C4B9701C5C793800F6E477 /* LoginViewController.swift */ = {isa = PBXFileReference; fileEncoding = 4; lastKnownFileType = sourcecode.swift; path = LoginViewController.swift; sourceTree = "<group>"; };
		A5C4B9721C5D46E600F6E477 /* bConnect.swift */ = {isa = PBXFileReference; fileEncoding = 4; lastKnownFileType = sourcecode.swift; path = bConnect.swift; sourceTree = "<group>"; };
		A5C4B9751C5D618F00F6E477 /* DataService.swift */ = {isa = PBXFileReference; fileEncoding = 4; lastKnownFileType = sourcecode.swift; path = DataService.swift; sourceTree = "<group>"; };
		A5C4B9781C5D631200F6E477 /* Constants.swift */ = {isa = PBXFileReference; fileEncoding = 4; lastKnownFileType = sourcecode.swift; path = Constants.swift; sourceTree = "<group>"; };
		A5C4B97B1C5DE26F00F6E477 /* CircularImage.swift */ = {isa = PBXFileReference; fileEncoding = 4; lastKnownFileType = sourcecode.swift; path = CircularImage.swift; sourceTree = "<group>"; };
		A5C4B97D1C5DE47400F6E477 /* bCardViewController.swift */ = {isa = PBXFileReference; fileEncoding = 4; lastKnownFileType = sourcecode.swift; path = bCardViewController.swift; sourceTree = "<group>"; };
		A5C4B9831C5DE52600F6E477 /* bCardCell.swift */ = {isa = PBXFileReference; fileEncoding = 4; lastKnownFileType = sourcecode.swift; path = bCardCell.swift; sourceTree = "<group>"; };
		A5C4B9851C5DE70800F6E477 /* EditBCardViewController.swift */ = {isa = PBXFileReference; fileEncoding = 4; lastKnownFileType = sourcecode.swift; path = EditBCardViewController.swift; sourceTree = "<group>"; };
		A5C4B9871C5DE78400F6E477 /* EditInfoTableViewCell.swift */ = {isa = PBXFileReference; fileEncoding = 4; lastKnownFileType = sourcecode.swift; path = EditInfoTableViewCell.swift; sourceTree = "<group>"; };
		A5C4B9891C5DEC3600F6E477 /* DDBusinessCard.swift */ = {isa = PBXFileReference; fileEncoding = 4; lastKnownFileType = sourcecode.swift; path = DDBusinessCard.swift; sourceTree = "<group>"; };
		A5C4B98B1C5E8EAC00F6E477 /* FBUser.swift */ = {isa = PBXFileReference; fileEncoding = 4; lastKnownFileType = sourcecode.swift; path = FBUser.swift; sourceTree = "<group>"; };
		A5C4B98D1C5EB4A200F6E477 /* BusinessCardService.swift */ = {isa = PBXFileReference; fileEncoding = 4; lastKnownFileType = sourcecode.swift; path = BusinessCardService.swift; sourceTree = "<group>"; };
		E81D8C4698E324D1AD8BA948 /* libPods.a */ = {isa = PBXFileReference; explicitFileType = archive.ar; includeInIndex = 0; path = libPods.a; sourceTree = BUILT_PRODUCTS_DIR; };
/* End PBXFileReference section */

/* Begin PBXFrameworksBuildPhase section */
		A52860561C5C352C00D8DF5D /* Frameworks */ = {
			isa = PBXFrameworksBuildPhase;
			buildActionMask = 2147483647;
			files = (
				9E15E983A3707D15D73924AA /* libPods.a in Frameworks */,
			);
			runOnlyForDeploymentPostprocessing = 0;
		};
/* End PBXFrameworksBuildPhase section */

/* Begin PBXGroup section */
		4EEEBF3669EC1463604A3920 /* Frameworks */ = {
			isa = PBXGroup;
			children = (
				E81D8C4698E324D1AD8BA948 /* libPods.a */,
			);
			name = Frameworks;
			sourceTree = "<group>";
		};
		5D895999493D6101B1E645A2 /* Pods */ = {
			isa = PBXGroup;
			children = (
				7531F2934B557E6FAA3EFB7F /* Pods.debug.xcconfig */,
				7460759236021646686A79AF /* Pods.release.xcconfig */,
			);
			name = Pods;
			sourceTree = "<group>";
		};
		A52860501C5C352B00D8DF5D = {
			isa = PBXGroup;
			children = (
				A528605B1C5C352C00D8DF5D /* BConnectTo */,
				A528605A1C5C352C00D8DF5D /* Products */,
				5D895999493D6101B1E645A2 /* Pods */,
				4EEEBF3669EC1463604A3920 /* Frameworks */,
			);
			sourceTree = "<group>";
		};
		A528605A1C5C352C00D8DF5D /* Products */ = {
			isa = PBXGroup;
			children = (
				A52860591C5C352C00D8DF5D /* BConnectTo.app */,
			);
			name = Products;
			sourceTree = "<group>";
		};
		A528605B1C5C352C00D8DF5D /* BConnectTo */ = {
			isa = PBXGroup;
			children = (
				A528605C1C5C352C00D8DF5D /* AppDelegate.swift */,
				A5C4B9741C5D618100F6E477 /* Services */,
				A5C4B9771C5D630800F6E477 /* Utility */,
				A5C4B9651C5C500100F6E477 /* Controller */,
				A5C4B9641C5C4FFD00F6E477 /* View */,
				A5C4B9631C5C4FF600F6E477 /* Model */,
				A52860601C5C352C00D8DF5D /* Main.storyboard */,
				A52860661C5C352C00D8DF5D /* Assets.xcassets */,
				A52860681C5C352C00D8DF5D /* LaunchScreen.storyboard */,
				A528606B1C5C352C00D8DF5D /* Info.plist */,
				A52860631C5C352C00D8DF5D /* FirebaseTest.xcdatamodeld */,
				A52860711C5C35BB00D8DF5D /* FirebaseTest-Bridging-Header.h */,
				A5BD5D701C5F0381001C1C07 /* TestViewController.swift */,
			);
			name = BConnectTo;
			path = FirebaseTest;
			sourceTree = "<group>";
		};
		A5C4B9631C5C4FF600F6E477 /* Model */ = {
			isa = PBXGroup;
			children = (
				A507F6971C6C5E73003B7755 /* DDUser.swift */,
				A5C4B9891C5DEC3600F6E477 /* DDBusinessCard.swift */,
				A5BD5D6E1C5F0103001C1C07 /* FBObject.swift */,
				A5BD5D741C5F1221001C1C07 /* FBQuery.swift */,
				A5C4B98B1C5E8EAC00F6E477 /* FBUser.swift */,
				A507F6931C6B03F5003B7755 /* Users.swift */,
				A507F68F1C6B0130003B7755 /* PhoneNumbers.swift */,
				A507F6911C6B021A003B7755 /* Emails.swift */,
				A507F6991C6C632F003B7755 /* Name.swift */,
			);
			name = Model;
			sourceTree = "<group>";
		};
		A5C4B9641C5C4FFD00F6E477 /* View */ = {
			isa = PBXGroup;
			children = (
				A5C4B9681C5C512A00F6E477 /* InitialSignInPage.swift */,
				A5C4B96A1C5C533A00F6E477 /* RedSignInButton.swift */,
				A5C4B96C1C5C545000F6E477 /* GrayButtons.swift */,
				A5C4B9721C5D46E600F6E477 /* bConnect.swift */,
				A5C4B97B1C5DE26F00F6E477 /* CircularImage.swift */,
			);
			name = View;
			sourceTree = "<group>";
		};
		A5C4B9651C5C500100F6E477 /* Controller */ = {
			isa = PBXGroup;
			children = (
				A5C4B9811C5DE4FC00F6E477 /* Initial Screens */,
				A5C4B97F1C5DE4EB00F6E477 /* BCard */,
			);
			name = Controller;
			sourceTree = "<group>";
		};
		A5C4B9741C5D618100F6E477 /* Services */ = {
			isa = PBXGroup;
			children = (
				A5C4B9751C5D618F00F6E477 /* DataService.swift */,
				A5C4B98D1C5EB4A200F6E477 /* BusinessCardService.swift */,
				A5BD5D6A1C5EC587001C1C07 /* EmailService.swift */,
			);
			name = Services;
			sourceTree = "<group>";
		};
		A5C4B9771C5D630800F6E477 /* Utility */ = {
			isa = PBXGroup;
			children = (
				A5C4B9781C5D631200F6E477 /* Constants.swift */,
				A5BD5D6C1C5EC794001C1C07 /* ErrorHandling.swift */,
			);
			name = Utility;
			sourceTree = "<group>";
		};
		A5C4B97F1C5DE4EB00F6E477 /* BCard */ = {
			isa = PBXGroup;
			children = (
				A5C4B9821C5DE51100F6E477 /* Cells */,
				A507F6951C6B055F003B7755 /* SelectImageTableViewController.swift */,
				A5C4B97D1C5DE47400F6E477 /* bCardViewController.swift */,
				A5C4B9851C5DE70800F6E477 /* EditBCardViewController.swift */,
				A507F68B1C6AFF16003B7755 /* addInfoViewController.swift */,
				A507F68D1C6B0002003B7755 /* ItemTypesTableViewController.swift */,
			);
			name = BCard;
			sourceTree = "<group>";
		};
		A5C4B9811C5DE4FC00F6E477 /* Initial Screens */ = {
			isa = PBXGroup;
			children = (
				A528605E1C5C352C00D8DF5D /* ViewController.swift */,
				A5C4B96E1C5C6F5E00F6E477 /* SignUpViewController.swift */,
				A5C4B9701C5C793800F6E477 /* LoginViewController.swift */,
			);
			name = "Initial Screens";
			sourceTree = "<group>";
		};
		A5C4B9821C5DE51100F6E477 /* Cells */ = {
			isa = PBXGroup;
			children = (
				A5C4B9831C5DE52600F6E477 /* bCardCell.swift */,
				A5C4B9871C5DE78400F6E477 /* EditInfoTableViewCell.swift */,
				A507F6851C6AFD8C003B7755 /* phoneCellTableViewCell.swift */,
				A507F6871C6AFDAB003B7755 /* EmailTableViewCell.swift */,
				A507F6891C6AFDCC003B7755 /* SocialTableViewCell.swift */,
			);
			name = Cells;
			sourceTree = "<group>";
		};
/* End PBXGroup section */

/* Begin PBXNativeTarget section */
		A52860581C5C352C00D8DF5D /* BConnectTo */ = {
			isa = PBXNativeTarget;
			buildConfigurationList = A528606E1C5C352C00D8DF5D /* Build configuration list for PBXNativeTarget "BConnectTo" */;
			buildPhases = (
				7AB58802F2E2B6AC35FF8F29 /* Check Pods Manifest.lock */,
				A52860551C5C352C00D8DF5D /* Sources */,
				A52860561C5C352C00D8DF5D /* Frameworks */,
				A52860571C5C352C00D8DF5D /* Resources */,
				91C4D903DA947B1BC0628E2E /* Embed Pods Frameworks */,
				3B73A1022CC9BD2FCCCD3333 /* Copy Pods Resources */,
			);
			buildRules = (
			);
			dependencies = (
			);
			name = BConnectTo;
			productName = FirebaseTest;
			productReference = A52860591C5C352C00D8DF5D /* BConnectTo.app */;
			productType = "com.apple.product-type.application";
		};
/* End PBXNativeTarget section */

/* Begin PBXProject section */
		A52860511C5C352B00D8DF5D /* Project object */ = {
			isa = PBXProject;
			attributes = {
				LastSwiftUpdateCheck = 0720;
				LastUpgradeCheck = 0720;
				ORGANIZATIONNAME = Self;
				TargetAttributes = {
					A52860581C5C352C00D8DF5D = {
						CreatedOnToolsVersion = 7.2;
					};
				};
			};
			buildConfigurationList = A52860541C5C352B00D8DF5D /* Build configuration list for PBXProject "BConnectTo" */;
			compatibilityVersion = "Xcode 3.2";
			developmentRegion = English;
			hasScannedForEncodings = 0;
			knownRegions = (
				en,
				Base,
			);
			mainGroup = A52860501C5C352B00D8DF5D;
			productRefGroup = A528605A1C5C352C00D8DF5D /* Products */;
			projectDirPath = "";
			projectRoot = "";
			targets = (
				A52860581C5C352C00D8DF5D /* BConnectTo */,
			);
		};
/* End PBXProject section */

/* Begin PBXResourcesBuildPhase section */
		A52860571C5C352C00D8DF5D /* Resources */ = {
			isa = PBXResourcesBuildPhase;
			buildActionMask = 2147483647;
			files = (
				A528606A1C5C352C00D8DF5D /* LaunchScreen.storyboard in Resources */,
				A52860671C5C352C00D8DF5D /* Assets.xcassets in Resources */,
				A52860621C5C352C00D8DF5D /* Main.storyboard in Resources */,
			);
			runOnlyForDeploymentPostprocessing = 0;
		};
/* End PBXResourcesBuildPhase section */

/* Begin PBXShellScriptBuildPhase section */
		3B73A1022CC9BD2FCCCD3333 /* Copy Pods Resources */ = {
			isa = PBXShellScriptBuildPhase;
			buildActionMask = 2147483647;
			files = (
			);
			inputPaths = (
			);
			name = "Copy Pods Resources";
			outputPaths = (
			);
			runOnlyForDeploymentPostprocessing = 0;
			shellPath = /bin/sh;
			shellScript = "\"${SRCROOT}/Pods/Target Support Files/Pods/Pods-resources.sh\"\n";
			showEnvVarsInLog = 0;
		};
		7AB58802F2E2B6AC35FF8F29 /* Check Pods Manifest.lock */ = {
			isa = PBXShellScriptBuildPhase;
			buildActionMask = 2147483647;
			files = (
			);
			inputPaths = (
			);
			name = "Check Pods Manifest.lock";
			outputPaths = (
			);
			runOnlyForDeploymentPostprocessing = 0;
			shellPath = /bin/sh;
			shellScript = "diff \"${PODS_ROOT}/../Podfile.lock\" \"${PODS_ROOT}/Manifest.lock\" > /dev/null\nif [[ $? != 0 ]] ; then\n    cat << EOM\nerror: The sandbox is not in sync with the Podfile.lock. Run 'pod install' or update your CocoaPods installation.\nEOM\n    exit 1\nfi\n";
			showEnvVarsInLog = 0;
		};
		91C4D903DA947B1BC0628E2E /* Embed Pods Frameworks */ = {
			isa = PBXShellScriptBuildPhase;
			buildActionMask = 2147483647;
			files = (
			);
			inputPaths = (
			);
			name = "Embed Pods Frameworks";
			outputPaths = (
			);
			runOnlyForDeploymentPostprocessing = 0;
			shellPath = /bin/sh;
			shellScript = "\"${SRCROOT}/Pods/Target Support Files/Pods/Pods-frameworks.sh\"\n";
			showEnvVarsInLog = 0;
		};
/* End PBXShellScriptBuildPhase section */

/* Begin PBXSourcesBuildPhase section */
		A52860551C5C352C00D8DF5D /* Sources */ = {
			isa = PBXSourcesBuildPhase;
			buildActionMask = 2147483647;
			files = (
				A507F6881C6AFDAB003B7755 /* EmailTableViewCell.swift in Sources */,
				A5C4B9711C5C793800F6E477 /* LoginViewController.swift in Sources */,
				A5C4B98A1C5DEC3600F6E477 /* DDBusinessCard.swift in Sources */,
				A5BD5D711C5F0381001C1C07 /* TestViewController.swift in Sources */,
				A5C4B9881C5DE78400F6E477 /* EditInfoTableViewCell.swift in Sources */,
				A52860651C5C352C00D8DF5D /* FirebaseTest.xcdatamodeld in Sources */,
				A507F68C1C6AFF16003B7755 /* addInfoViewController.swift in Sources */,
				A507F6901C6B0130003B7755 /* PhoneNumbers.swift in Sources */,
				A507F6961C6B055F003B7755 /* SelectImageTableViewController.swift in Sources */,
				A5C4B96D1C5C545000F6E477 /* GrayButtons.swift in Sources */,
				A507F68E1C6B0002003B7755 /* ItemTypesTableViewController.swift in Sources */,
				A507F68A1C6AFDCC003B7755 /* SocialTableViewCell.swift in Sources */,
				A507F6981C6C5E73003B7755 /* DDUser.swift in Sources */,
				A5C4B96F1C5C6F5E00F6E477 /* SignUpViewController.swift in Sources */,
				A5BD5D6F1C5F0103001C1C07 /* FBObject.swift in Sources */,
				A5C4B98E1C5EB4A200F6E477 /* BusinessCardService.swift in Sources */,
				A528605F1C5C352C00D8DF5D /* ViewController.swift in Sources */,
				A5C4B9761C5D618F00F6E477 /* DataService.swift in Sources */,
				A5BD5D6D1C5EC794001C1C07 /* ErrorHandling.swift in Sources */,
				A507F69A1C6C632F003B7755 /* Name.swift in Sources */,
				A5C4B9691C5C512A00F6E477 /* InitialSignInPage.swift in Sources */,
				A507F6861C6AFD8C003B7755 /* phoneCellTableViewCell.swift in Sources */,
				A5C4B9841C5DE52600F6E477 /* bCardCell.swift in Sources */,
				A5BD5D751C5F1221001C1C07 /* FBQuery.swift in Sources */,
				A5C4B97E1C5DE47400F6E477 /* bCardViewController.swift in Sources */,
				A5C4B9861C5DE70800F6E477 /* EditBCardViewController.swift in Sources */,
				A507F6921C6B021A003B7755 /* Emails.swift in Sources */,
				A507F6941C6B03F5003B7755 /* Users.swift in Sources */,
				A5C4B98C1C5E8EAC00F6E477 /* FBUser.swift in Sources */,
				A528605D1C5C352C00D8DF5D /* AppDelegate.swift in Sources */,
				A5C4B96B1C5C533A00F6E477 /* RedSignInButton.swift in Sources */,
				A5C4B97C1C5DE26F00F6E477 /* CircularImage.swift in Sources */,
				A5C4B9731C5D46E600F6E477 /* bConnect.swift in Sources */,
				A5BD5D6B1C5EC587001C1C07 /* EmailService.swift in Sources */,
				A5C4B9791C5D631200F6E477 /* Constants.swift in Sources */,
			);
			runOnlyForDeploymentPostprocessing = 0;
		};
/* End PBXSourcesBuildPhase section */

/* Begin PBXVariantGroup section */
		A52860601C5C352C00D8DF5D /* Main.storyboard */ = {
			isa = PBXVariantGroup;
			children = (
				A52860611C5C352C00D8DF5D /* Base */,
			);
			name = Main.storyboard;
			sourceTree = "<group>";
		};
		A52860681C5C352C00D8DF5D /* LaunchScreen.storyboard */ = {
			isa = PBXVariantGroup;
			children = (
				A52860691C5C352C00D8DF5D /* Base */,
			);
			name = LaunchScreen.storyboard;
			sourceTree = "<group>";
		};
/* End PBXVariantGroup section */

/* Begin XCBuildConfiguration section */
		A528606C1C5C352C00D8DF5D /* Debug */ = {
			isa = XCBuildConfiguration;
			buildSettings = {
				ALWAYS_SEARCH_USER_PATHS = NO;
				CLANG_CXX_LANGUAGE_STANDARD = "gnu++0x";
				CLANG_CXX_LIBRARY = "libc++";
				CLANG_ENABLE_MODULES = YES;
				CLANG_ENABLE_OBJC_ARC = YES;
				CLANG_WARN_BOOL_CONVERSION = YES;
				CLANG_WARN_CONSTANT_CONVERSION = YES;
				CLANG_WARN_DIRECT_OBJC_ISA_USAGE = YES_ERROR;
				CLANG_WARN_EMPTY_BODY = YES;
				CLANG_WARN_ENUM_CONVERSION = YES;
				CLANG_WARN_INT_CONVERSION = YES;
				CLANG_WARN_OBJC_ROOT_CLASS = YES_ERROR;
				CLANG_WARN_UNREACHABLE_CODE = YES;
				CLANG_WARN__DUPLICATE_METHOD_MATCH = YES;
				"CODE_SIGN_IDENTITY[sdk=iphoneos*]" = "iPhone Developer";
				COPY_PHASE_STRIP = NO;
				DEBUG_INFORMATION_FORMAT = dwarf;
				ENABLE_STRICT_OBJC_MSGSEND = YES;
				ENABLE_TESTABILITY = YES;
				GCC_C_LANGUAGE_STANDARD = gnu99;
				GCC_DYNAMIC_NO_PIC = NO;
				GCC_NO_COMMON_BLOCKS = YES;
				GCC_OPTIMIZATION_LEVEL = 0;
				GCC_PREPROCESSOR_DEFINITIONS = (
					"DEBUG=1",
					"$(inherited)",
				);
				GCC_WARN_64_TO_32_BIT_CONVERSION = YES;
				GCC_WARN_ABOUT_RETURN_TYPE = YES_ERROR;
				GCC_WARN_UNDECLARED_SELECTOR = YES;
				GCC_WARN_UNINITIALIZED_AUTOS = YES_AGGRESSIVE;
				GCC_WARN_UNUSED_FUNCTION = YES;
				GCC_WARN_UNUSED_VARIABLE = YES;
				IPHONEOS_DEPLOYMENT_TARGET = 9.2;
				MTL_ENABLE_DEBUG_INFO = YES;
				ONLY_ACTIVE_ARCH = YES;
				SDKROOT = iphoneos;
				SWIFT_OPTIMIZATION_LEVEL = "-Onone";
			};
			name = Debug;
		};
		A528606D1C5C352C00D8DF5D /* Release */ = {
			isa = XCBuildConfiguration;
			buildSettings = {
				ALWAYS_SEARCH_USER_PATHS = NO;
				CLANG_CXX_LANGUAGE_STANDARD = "gnu++0x";
				CLANG_CXX_LIBRARY = "libc++";
				CLANG_ENABLE_MODULES = YES;
				CLANG_ENABLE_OBJC_ARC = YES;
				CLANG_WARN_BOOL_CONVERSION = YES;
				CLANG_WARN_CONSTANT_CONVERSION = YES;
				CLANG_WARN_DIRECT_OBJC_ISA_USAGE = YES_ERROR;
				CLANG_WARN_EMPTY_BODY = YES;
				CLANG_WARN_ENUM_CONVERSION = YES;
				CLANG_WARN_INT_CONVERSION = YES;
				CLANG_WARN_OBJC_ROOT_CLASS = YES_ERROR;
				CLANG_WARN_UNREACHABLE_CODE = YES;
				CLANG_WARN__DUPLICATE_METHOD_MATCH = YES;
				"CODE_SIGN_IDENTITY[sdk=iphoneos*]" = "iPhone Developer";
				COPY_PHASE_STRIP = NO;
				DEBUG_INFORMATION_FORMAT = "dwarf-with-dsym";
				ENABLE_NS_ASSERTIONS = NO;
				ENABLE_STRICT_OBJC_MSGSEND = YES;
				GCC_C_LANGUAGE_STANDARD = gnu99;
				GCC_NO_COMMON_BLOCKS = YES;
				GCC_WARN_64_TO_32_BIT_CONVERSION = YES;
				GCC_WARN_ABOUT_RETURN_TYPE = YES_ERROR;
				GCC_WARN_UNDECLARED_SELECTOR = YES;
				GCC_WARN_UNINITIALIZED_AUTOS = YES_AGGRESSIVE;
				GCC_WARN_UNUSED_FUNCTION = YES;
				GCC_WARN_UNUSED_VARIABLE = YES;
				IPHONEOS_DEPLOYMENT_TARGET = 9.2;
				MTL_ENABLE_DEBUG_INFO = NO;
				SDKROOT = iphoneos;
				VALIDATE_PRODUCT = YES;
			};
			name = Release;
		};
		A528606F1C5C352C00D8DF5D /* Debug */ = {
			isa = XCBuildConfiguration;
			baseConfigurationReference = 7531F2934B557E6FAA3EFB7F /* Pods.debug.xcconfig */;
			buildSettings = {
				ASSETCATALOG_COMPILER_APPICON_NAME = AppIcon;
				CLANG_ENABLE_MODULES = YES;
				INFOPLIST_FILE = FirebaseTest/Info.plist;
				LD_RUNPATH_SEARCH_PATHS = "$(inherited) @executable_path/Frameworks";
				PRODUCT_BUNDLE_IDENTIFIER = com.BConnectTo.DDong;
				PRODUCT_NAME = BConnectTo;
				SWIFT_OBJC_BRIDGING_HEADER = "FirebaseTest/FirebaseTest-Bridging-Header.h";
				SWIFT_OPTIMIZATION_LEVEL = "-Onone";
			};
			name = Debug;
		};
		A52860701C5C352C00D8DF5D /* Release */ = {
			isa = XCBuildConfiguration;
			baseConfigurationReference = 7460759236021646686A79AF /* Pods.release.xcconfig */;
			buildSettings = {
				ASSETCATALOG_COMPILER_APPICON_NAME = AppIcon;
				CLANG_ENABLE_MODULES = YES;
				INFOPLIST_FILE = FirebaseTest/Info.plist;
				LD_RUNPATH_SEARCH_PATHS = "$(inherited) @executable_path/Frameworks";
				PRODUCT_BUNDLE_IDENTIFIER = com.BConnectTo.DDong;
				PRODUCT_NAME = BConnectTo;
				SWIFT_OBJC_BRIDGING_HEADER = "FirebaseTest/FirebaseTest-Bridging-Header.h";
			};
			name = Release;
		};
/* End XCBuildConfiguration section */

/* Begin XCConfigurationList section */
		A52860541C5C352B00D8DF5D /* Build configuration list for PBXProject "BConnectTo" */ = {
			isa = XCConfigurationList;
			buildConfigurations = (
				A528606C1C5C352C00D8DF5D /* Debug */,
				A528606D1C5C352C00D8DF5D /* Release */,
			);
			defaultConfigurationIsVisible = 0;
			defaultConfigurationName = Release;
		};
		A528606E1C5C352C00D8DF5D /* Build configuration list for PBXNativeTarget "BConnectTo" */ = {
			isa = XCConfigurationList;
			buildConfigurations = (
				A528606F1C5C352C00D8DF5D /* Debug */,
				A52860701C5C352C00D8DF5D /* Release */,
			);
			defaultConfigurationIsVisible = 0;
			defaultConfigurationName = Release;
		};
/* End XCConfigurationList section */

/* Begin XCVersionGroup section */
		A52860631C5C352C00D8DF5D /* FirebaseTest.xcdatamodeld */ = {
			isa = XCVersionGroup;
			children = (
				A52860641C5C352C00D8DF5D /* FirebaseTest.xcdatamodel */,
			);
			currentVersion = A52860641C5C352C00D8DF5D /* FirebaseTest.xcdatamodel */;
			path = FirebaseTest.xcdatamodeld;
			sourceTree = "<group>";
			versionGroupType = wrapper.xcdatamodel;
		};
/* End XCVersionGroup section */
	};
	rootObject = A52860511C5C352B00D8DF5D /* Project object */;
}
